// !$*UTF8*$!
{
	archiveVersion = 1;
	classes = {
	};
	objectVersion = 51;
	objects = {

/* Begin PBXBuildFile section */
		09B1B933249322AD00D14CE6 /* AppDelegate.swift in Sources */ = {isa = PBXBuildFile; fileRef = 09B1B932249322AD00D14CE6 /* AppDelegate.swift */; };
		09B1B935249322AD00D14CE6 /* SceneDelegate.swift in Sources */ = {isa = PBXBuildFile; fileRef = 09B1B934249322AD00D14CE6 /* SceneDelegate.swift */; };
		09B1B937249322AD00D14CE6 /* ViewController.swift in Sources */ = {isa = PBXBuildFile; fileRef = 09B1B936249322AD00D14CE6 /* ViewController.swift */; };
		09B1B93A249322AD00D14CE6 /* Main.storyboard in Resources */ = {isa = PBXBuildFile; fileRef = 09B1B938249322AD00D14CE6 /* Main.storyboard */; };
		09B1B93C249322B200D14CE6 /* Assets.xcassets in Resources */ = {isa = PBXBuildFile; fileRef = 09B1B93B249322B200D14CE6 /* Assets.xcassets */; };
		09B1B93F249322B200D14CE6 /* LaunchScreen.storyboard in Resources */ = {isa = PBXBuildFile; fileRef = 09B1B93D249322B200D14CE6 /* LaunchScreen.storyboard */; };
		1B17FCFD24A4E97000D15B00 /* AddPostViewController.swift in Sources */ = {isa = PBXBuildFile; fileRef = 1B17FCFC24A4E97000D15B00 /* AddPostViewController.swift */; };
		1B3E8DAA24A387B7001D9C8D /* PostCell.swift in Sources */ = {isa = PBXBuildFile; fileRef = 1B3E8DA924A387B7001D9C8D /* PostCell.swift */; };
		1BB0D0E424A359FF003A35A9 /* Post.swift in Sources */ = {isa = PBXBuildFile; fileRef = 1BB0D0E324A359FF003A35A9 /* Post.swift */; };
		1BB0D0EE24A37182003A35A9 /* PostViewController.swift in Sources */ = {isa = PBXBuildFile; fileRef = 1BB0D0ED24A37182003A35A9 /* PostViewController.swift */; };
		1BB64B7324A7425700F7D8CE /* EditPostViewController.swift in Sources */ = {isa = PBXBuildFile; fileRef = 1BB64B7224A7425700F7D8CE /* EditPostViewController.swift */; };
		343BEC9224A97E570041352F /* GoalCell.swift in Sources */ = {isa = PBXBuildFile; fileRef = 343BEC9124A97E570041352F /* GoalCell.swift */; };
		343BEC9424A97F010041352F /* GoalViewController.swift in Sources */ = {isa = PBXBuildFile; fileRef = 343BEC9324A97F010041352F /* GoalViewController.swift */; };
		343BEC9624A97F320041352F /* ChallengeViewController.swift in Sources */ = {isa = PBXBuildFile; fileRef = 343BEC9524A97F320041352F /* ChallengeViewController.swift */; };
		343BEC9824A97F4C0041352F /* LeaderboardViewController.swift in Sources */ = {isa = PBXBuildFile; fileRef = 343BEC9724A97F4C0041352F /* LeaderboardViewController.swift */; };
		343BEC9A24A97F8A0041352F /* ActivityViewController.swift in Sources */ = {isa = PBXBuildFile; fileRef = 343BEC9924A97F8A0041352F /* ActivityViewController.swift */; };
		343BEC9C24A97FB70041352F /* AchievementViewController.swift in Sources */ = {isa = PBXBuildFile; fileRef = 343BEC9B24A97FB70041352F /* AchievementViewController.swift */; };
		345BF47D24BBFD0A00BE04EA /* TrainingPlanStartViewController.swift in Sources */ = {isa = PBXBuildFile; fileRef = 345BF47C24BBFD0A00BE04EA /* TrainingPlanStartViewController.swift */; };
		345BF47F24BC00E900BE04EA /* Fritz-Info.plist in Resources */ = {isa = PBXBuildFile; fileRef = 345BF47E24BC00E900BE04EA /* Fritz-Info.plist */; };
		34AD8B6324B2CD1A00CDA507 /* CommentPostViewController.swift in Sources */ = {isa = PBXBuildFile; fileRef = 34AD8B6224B2CD1A00CDA507 /* CommentPostViewController.swift */; };
		7D1C4BDA24A4DC3600CD1F6F /* GoogleService-Info.plist in Resources */ = {isa = PBXBuildFile; fileRef = 7D1C4BD924A4DC3600CD1F6F /* GoogleService-Info.plist */; };
		7D1C4BDC24A4DFCA00CD1F6F /* Schedule.swift in Sources */ = {isa = PBXBuildFile; fileRef = 7D1C4BDB24A4DFCA00CD1F6F /* Schedule.swift */; };
		7D1C4BFE24A4FD9000CD1F6F /* SchedulerDetailsViewController.swift in Sources */ = {isa = PBXBuildFile; fileRef = 7D1C4BFD24A4FD9000CD1F6F /* SchedulerDetailsViewController.swift */; };
		7D236F0424BD688C00C3CD2B /* User.swift in Sources */ = {isa = PBXBuildFile; fileRef = 7D236F0324BD688C00C3CD2B /* User.swift */; };
		7D6080E5249CFD64001F3E6E /* Dashboard.storyboard in Resources */ = {isa = PBXBuildFile; fileRef = 7D6080E3249CFD64001F3E6E /* Dashboard.storyboard */; };
		7D6080E8249CFE2F001F3E6E /* Scheduler.storyboard in Resources */ = {isa = PBXBuildFile; fileRef = 7D6080E6249CFE2F001F3E6E /* Scheduler.storyboard */; };
		7D6080EB249CFF7C001F3E6E /* Fitness.storyboard in Resources */ = {isa = PBXBuildFile; fileRef = 7D6080E9249CFF7C001F3E6E /* Fitness.storyboard */; };
		7D6080EE249D01B8001F3E6E /* Community.storyboard in Resources */ = {isa = PBXBuildFile; fileRef = 7D6080EC249D01B8001F3E6E /* Community.storyboard */; };
		7D6A42F924A7139200D82B90 /* Team3Helper.swift in Sources */ = {isa = PBXBuildFile; fileRef = 7D6A42F824A7139200D82B90 /* Team3Helper.swift */; };
		7D7ED68024A0E2F9001D52DA /* Game.storyboard in Resources */ = {isa = PBXBuildFile; fileRef = 7D7ED67E24A0E2F9001D52DA /* Game.storyboard */; };
		7D8929C224AD6D3200FCB173 /* DataManager.swift in Sources */ = {isa = PBXBuildFile; fileRef = 7D8929C124AD6D3200FCB173 /* DataManager.swift */; };
		7DC360E324BAD86D00280315 /* StorageManager.swift in Sources */ = {isa = PBXBuildFile; fileRef = 7DC360E224BAD86D00280315 /* StorageManager.swift */; };
		7DC360E724BAE3E200280315 /* ProfileViewController.swift in Sources */ = {isa = PBXBuildFile; fileRef = 7DC360E624BAE3E200280315 /* ProfileViewController.swift */; };
		7DC9AE7324BB4B9A00FCBD5A /* EditProfileViewController.swift in Sources */ = {isa = PBXBuildFile; fileRef = 7DC9AE7224BB4B9A00FCBD5A /* EditProfileViewController.swift */; };
		7DE944F124B83304000A03DC /* Profile.storyboard in Resources */ = {isa = PBXBuildFile; fileRef = 7DE944F024B83304000A03DC /* Profile.storyboard */; };
		7DEAECE524A0F04700C9CCBC /* SchedulerViewController.swift in Sources */ = {isa = PBXBuildFile; fileRef = 7DEAECE424A0F04700C9CCBC /* SchedulerViewController.swift */; };
		7DEE53CC24AC5A5400CE6293 /* UserAuthentication.swift in Sources */ = {isa = PBXBuildFile; fileRef = 7DEE53CB24AC5A5400CE6293 /* UserAuthentication.swift */; };
		7DEE53CE24AC632800CE6293 /* LoginViewController.swift in Sources */ = {isa = PBXBuildFile; fileRef = 7DEE53CD24AC632800CE6293 /* LoginViewController.swift */; };
		7DEE53D024AC63E800CE6293 /* RegisterViewController.swift in Sources */ = {isa = PBXBuildFile; fileRef = 7DEE53CF24AC63E800CE6293 /* RegisterViewController.swift */; };
		8EE3263F0C8948FEDE5D78CE /* Pods_SDDP_iFit_Team3.framework in Frameworks */ = {isa = PBXBuildFile; fileRef = 2458567889737227F6885574 /* Pods_SDDP_iFit_Team3.framework */; };
		DC2C64A524B9C17F006B81D3 /* theboldfont.ttf in Resources */ = {isa = PBXBuildFile; fileRef = DC2C64A424B9C17F006B81D3 /* theboldfont.ttf */; };
		DC325A3B24A45E4C005E5166 /* TrainingPlanAddExerciseViewController.swift in Sources */ = {isa = PBXBuildFile; fileRef = DC325A3A24A45E4C005E5166 /* TrainingPlanAddExerciseViewController.swift */; };
		DC78682024AE3DA20093BAE5 /* bulletSound_3.wav in Resources */ = {isa = PBXBuildFile; fileRef = DC78681F24AE3DA20093BAE5 /* bulletSound_3.wav */; };
		DC7A37A824BDA60700CB9A13 /* GameHomeViewController.swift in Sources */ = {isa = PBXBuildFile; fileRef = DC7A37A724BDA60700CB9A13 /* GameHomeViewController.swift */; };
		DC7A37AA24BDA6A400CB9A13 /* GameHome.sks in Resources */ = {isa = PBXBuildFile; fileRef = DC7A37A924BDA6A400CB9A13 /* GameHome.sks */; };
		DC7A37AC24BDA79300CB9A13 /* GameHome.swift in Sources */ = {isa = PBXBuildFile; fileRef = DC7A37AB24BDA79300CB9A13 /* GameHome.swift */; };
		DC9EE49924A307660080D3A2 /* TrainingPlanViewController.swift in Sources */ = {isa = PBXBuildFile; fileRef = DC9EE49824A307660080D3A2 /* TrainingPlanViewController.swift */; };
		DC9EE49B24A30C870080D3A2 /* TrainingPlanCell.swift in Sources */ = {isa = PBXBuildFile; fileRef = DC9EE49A24A30C870080D3A2 /* TrainingPlanCell.swift */; };
		DCB218ED24A07582003BFE6C /* Exercise.swift in Sources */ = {isa = PBXBuildFile; fileRef = DCB218EC24A07582003BFE6C /* Exercise.swift */; };
		DCC5778924B9A6D20003F215 /* bomb_07.wav in Resources */ = {isa = PBXBuildFile; fileRef = DCC5778824B9A6D20003F215 /* bomb_07.wav */; };
		DCC80B7224ADEBB0008AF933 /* GameViewController.swift in Sources */ = {isa = PBXBuildFile; fileRef = DCC80B7124ADEBB0008AF933 /* GameViewController.swift */; };
		DCC80B7424ADEDA5008AF933 /* GameScene.swift in Sources */ = {isa = PBXBuildFile; fileRef = DCC80B7324ADEDA5008AF933 /* GameScene.swift */; };
		DCC80B7624ADEE24008AF933 /* GameScene.sks in Resources */ = {isa = PBXBuildFile; fileRef = DCC80B7524ADEE24008AF933 /* GameScene.sks */; };
		DCCA915824BEC45100C3A816 /* GameResearch.swift in Sources */ = {isa = PBXBuildFile; fileRef = DCCA915724BEC45100C3A816 /* GameResearch.swift */; };
		DCCA915A24BEC4C300C3A816 /* GameResearchViewController.swift in Sources */ = {isa = PBXBuildFile; fileRef = DCCA915924BEC4C300C3A816 /* GameResearchViewController.swift */; };
		DCD142C624B7224B00AE431A /* ExerciseDetailViewController.swift in Sources */ = {isa = PBXBuildFile; fileRef = DCD142C524B7224B00AE431A /* ExerciseDetailViewController.swift */; };
		DCD3C81524A329DA0066F6E7 /* TrainingPlanDetailViewController.swift in Sources */ = {isa = PBXBuildFile; fileRef = DCD3C81424A329DA0066F6E7 /* TrainingPlanDetailViewController.swift */; };
		DCE0E33F24B45A4800B23C46 /* ExerciseViewController.swift in Sources */ = {isa = PBXBuildFile; fileRef = DCE0E33E24B45A4800B23C46 /* ExerciseViewController.swift */; };
		DCE0E34324B45CE000B23C46 /* ExerciseCollectionViewCell.swift in Sources */ = {isa = PBXBuildFile; fileRef = DCE0E34224B45CE000B23C46 /* ExerciseCollectionViewCell.swift */; };
		DCF9358324A33CC000FD505B /* TrainingPlanAddViewController.swift in Sources */ = {isa = PBXBuildFile; fileRef = DCF9358224A33CC000FD505B /* TrainingPlanAddViewController.swift */; };
		DCFDCE6B24A1C0AF008E8C8A /* TrainingPlan.swift in Sources */ = {isa = PBXBuildFile; fileRef = DCFDCE6A24A1C0AF008E8C8A /* TrainingPlan.swift */; };
		E300F7FA24B6192E00315219 /* GoalDetailsViewController.swift in Sources */ = {isa = PBXBuildFile; fileRef = E300F7F924B6192E00315219 /* GoalDetailsViewController.swift */; };
		E30440E824A609110013D053 /* CardDesign.swift in Sources */ = {isa = PBXBuildFile; fileRef = E30440E724A609110013D053 /* CardDesign.swift */; };
		E320D17524AC6F95003DDA96 /* Goal.swift in Sources */ = {isa = PBXBuildFile; fileRef = E320D17424AC6F95003DDA96 /* Goal.swift */; };
		E320D17724AC6FBA003DDA96 /* Challenge.swift in Sources */ = {isa = PBXBuildFile; fileRef = E320D17624AC6FBA003DDA96 /* Challenge.swift */; };
		E320D17924AC6FD0003DDA96 /* Leaderboard.swift in Sources */ = {isa = PBXBuildFile; fileRef = E320D17824AC6FD0003DDA96 /* Leaderboard.swift */; };
		E320D17B24AC7128003DDA96 /* Activity.swift in Sources */ = {isa = PBXBuildFile; fileRef = E320D17A24AC7128003DDA96 /* Activity.swift */; };
		E39EE04624A356AB00DDD571 /* DashboardViewController.swift in Sources */ = {isa = PBXBuildFile; fileRef = E39EE04524A356AB00DDD571 /* DashboardViewController.swift */; };
		E3CA068C24ADCA6000339A39 /* AddGoalViewController.swift in Sources */ = {isa = PBXBuildFile; fileRef = E3CA068B24ADCA6000339A39 /* AddGoalViewController.swift */; };
/* End PBXBuildFile section */

/* Begin PBXFileReference section */
		030951997A27C1B2985A7637 /* Pods-SDDP-iFit-Team3.debug.xcconfig */ = {isa = PBXFileReference; includeInIndex = 1; lastKnownFileType = text.xcconfig; name = "Pods-SDDP-iFit-Team3.debug.xcconfig"; path = "Target Support Files/Pods-SDDP-iFit-Team3/Pods-SDDP-iFit-Team3.debug.xcconfig"; sourceTree = "<group>"; };
		09B1B92F249322AD00D14CE6 /* SDDP-iFit-Team3.app */ = {isa = PBXFileReference; explicitFileType = wrapper.application; includeInIndex = 0; path = "SDDP-iFit-Team3.app"; sourceTree = BUILT_PRODUCTS_DIR; };
		09B1B932249322AD00D14CE6 /* AppDelegate.swift */ = {isa = PBXFileReference; lastKnownFileType = sourcecode.swift; path = AppDelegate.swift; sourceTree = "<group>"; };
		09B1B934249322AD00D14CE6 /* SceneDelegate.swift */ = {isa = PBXFileReference; lastKnownFileType = sourcecode.swift; path = SceneDelegate.swift; sourceTree = "<group>"; };
		09B1B936249322AD00D14CE6 /* ViewController.swift */ = {isa = PBXFileReference; lastKnownFileType = sourcecode.swift; path = ViewController.swift; sourceTree = "<group>"; };
		09B1B939249322AD00D14CE6 /* Base */ = {isa = PBXFileReference; lastKnownFileType = file.storyboard; name = Base; path = Base.lproj/Main.storyboard; sourceTree = "<group>"; };
		09B1B93B249322B200D14CE6 /* Assets.xcassets */ = {isa = PBXFileReference; lastKnownFileType = folder.assetcatalog; path = Assets.xcassets; sourceTree = "<group>"; };
		09B1B93E249322B200D14CE6 /* Base */ = {isa = PBXFileReference; lastKnownFileType = file.storyboard; name = Base; path = Base.lproj/LaunchScreen.storyboard; sourceTree = "<group>"; };
		09B1B940249322B200D14CE6 /* Info.plist */ = {isa = PBXFileReference; lastKnownFileType = text.plist.xml; path = Info.plist; sourceTree = "<group>"; };
		1B17FCFC24A4E97000D15B00 /* AddPostViewController.swift */ = {isa = PBXFileReference; lastKnownFileType = sourcecode.swift; path = AddPostViewController.swift; sourceTree = "<group>"; };
		1B3E8DA924A387B7001D9C8D /* PostCell.swift */ = {isa = PBXFileReference; lastKnownFileType = sourcecode.swift; name = PostCell.swift; path = ../PostCell.swift; sourceTree = "<group>"; };
		1BB0D0E324A359FF003A35A9 /* Post.swift */ = {isa = PBXFileReference; lastKnownFileType = sourcecode.swift; path = Post.swift; sourceTree = "<group>"; };
		1BB0D0ED24A37182003A35A9 /* PostViewController.swift */ = {isa = PBXFileReference; lastKnownFileType = sourcecode.swift; name = PostViewController.swift; path = ../PostViewController.swift; sourceTree = "<group>"; };
		1BB64B7224A7425700F7D8CE /* EditPostViewController.swift */ = {isa = PBXFileReference; lastKnownFileType = sourcecode.swift; path = EditPostViewController.swift; sourceTree = "<group>"; };
		2458567889737227F6885574 /* Pods_SDDP_iFit_Team3.framework */ = {isa = PBXFileReference; explicitFileType = wrapper.framework; includeInIndex = 0; path = Pods_SDDP_iFit_Team3.framework; sourceTree = BUILT_PRODUCTS_DIR; };
		343BEC9124A97E570041352F /* GoalCell.swift */ = {isa = PBXFileReference; lastKnownFileType = sourcecode.swift; path = GoalCell.swift; sourceTree = "<group>"; };
		343BEC9324A97F010041352F /* GoalViewController.swift */ = {isa = PBXFileReference; lastKnownFileType = sourcecode.swift; path = GoalViewController.swift; sourceTree = "<group>"; };
		343BEC9524A97F320041352F /* ChallengeViewController.swift */ = {isa = PBXFileReference; lastKnownFileType = sourcecode.swift; path = ChallengeViewController.swift; sourceTree = "<group>"; };
		343BEC9724A97F4C0041352F /* LeaderboardViewController.swift */ = {isa = PBXFileReference; lastKnownFileType = sourcecode.swift; path = LeaderboardViewController.swift; sourceTree = "<group>"; };
		343BEC9924A97F8A0041352F /* ActivityViewController.swift */ = {isa = PBXFileReference; lastKnownFileType = sourcecode.swift; path = ActivityViewController.swift; sourceTree = "<group>"; };
		343BEC9B24A97FB70041352F /* AchievementViewController.swift */ = {isa = PBXFileReference; lastKnownFileType = sourcecode.swift; path = AchievementViewController.swift; sourceTree = "<group>"; };
		345BF47C24BBFD0A00BE04EA /* TrainingPlanStartViewController.swift */ = {isa = PBXFileReference; lastKnownFileType = sourcecode.swift; path = TrainingPlanStartViewController.swift; sourceTree = "<group>"; };
		345BF47E24BC00E900BE04EA /* Fritz-Info.plist */ = {isa = PBXFileReference; fileEncoding = 4; lastKnownFileType = text.plist.xml; path = "Fritz-Info.plist"; sourceTree = "<group>"; };
		34AD8B6224B2CD1A00CDA507 /* CommentPostViewController.swift */ = {isa = PBXFileReference; lastKnownFileType = sourcecode.swift; path = CommentPostViewController.swift; sourceTree = "<group>"; };
		45F1C9638BF2507F02570E7D /* Pods-SDDP-iFit-Team3.release.xcconfig */ = {isa = PBXFileReference; includeInIndex = 1; lastKnownFileType = text.xcconfig; name = "Pods-SDDP-iFit-Team3.release.xcconfig"; path = "Target Support Files/Pods-SDDP-iFit-Team3/Pods-SDDP-iFit-Team3.release.xcconfig"; sourceTree = "<group>"; };
		7D1C4BD924A4DC3600CD1F6F /* GoogleService-Info.plist */ = {isa = PBXFileReference; fileEncoding = 4; lastKnownFileType = text.plist.xml; path = "GoogleService-Info.plist"; sourceTree = "<group>"; };
		7D1C4BDB24A4DFCA00CD1F6F /* Schedule.swift */ = {isa = PBXFileReference; lastKnownFileType = sourcecode.swift; path = Schedule.swift; sourceTree = "<group>"; };
		7D1C4BFD24A4FD9000CD1F6F /* SchedulerDetailsViewController.swift */ = {isa = PBXFileReference; lastKnownFileType = sourcecode.swift; path = SchedulerDetailsViewController.swift; sourceTree = "<group>"; };
		7D236F0324BD688C00C3CD2B /* User.swift */ = {isa = PBXFileReference; lastKnownFileType = sourcecode.swift; path = User.swift; sourceTree = "<group>"; };
		7D6080E4249CFD64001F3E6E /* Base */ = {isa = PBXFileReference; lastKnownFileType = file.storyboard; name = Base; path = Base.lproj/Dashboard.storyboard; sourceTree = "<group>"; };
		7D6080E7249CFE2F001F3E6E /* Base */ = {isa = PBXFileReference; lastKnownFileType = file.storyboard; name = Base; path = Base.lproj/Scheduler.storyboard; sourceTree = "<group>"; };
		7D6080EA249CFF7C001F3E6E /* Base */ = {isa = PBXFileReference; lastKnownFileType = file.storyboard; name = Base; path = Base.lproj/Fitness.storyboard; sourceTree = "<group>"; };
		7D6080ED249D01B8001F3E6E /* Base */ = {isa = PBXFileReference; lastKnownFileType = file.storyboard; name = Base; path = Base.lproj/Community.storyboard; sourceTree = "<group>"; };
		7D6A42F824A7139200D82B90 /* Team3Helper.swift */ = {isa = PBXFileReference; lastKnownFileType = sourcecode.swift; path = Team3Helper.swift; sourceTree = "<group>"; };
		7D7ED67F24A0E2F9001D52DA /* Base */ = {isa = PBXFileReference; lastKnownFileType = file.storyboard; name = Base; path = Base.lproj/Game.storyboard; sourceTree = "<group>"; };
		7D8929C124AD6D3200FCB173 /* DataManager.swift */ = {isa = PBXFileReference; lastKnownFileType = sourcecode.swift; path = DataManager.swift; sourceTree = "<group>"; };
		7DC360E224BAD86D00280315 /* StorageManager.swift */ = {isa = PBXFileReference; lastKnownFileType = sourcecode.swift; path = StorageManager.swift; sourceTree = "<group>"; };
		7DC360E624BAE3E200280315 /* ProfileViewController.swift */ = {isa = PBXFileReference; lastKnownFileType = sourcecode.swift; path = ProfileViewController.swift; sourceTree = "<group>"; };
		7DC9AE7224BB4B9A00FCBD5A /* EditProfileViewController.swift */ = {isa = PBXFileReference; lastKnownFileType = sourcecode.swift; path = EditProfileViewController.swift; sourceTree = "<group>"; };
		7DE944F024B83304000A03DC /* Profile.storyboard */ = {isa = PBXFileReference; lastKnownFileType = file.storyboard; path = Profile.storyboard; sourceTree = "<group>"; };
		7DEAECE424A0F04700C9CCBC /* SchedulerViewController.swift */ = {isa = PBXFileReference; lastKnownFileType = sourcecode.swift; name = SchedulerViewController.swift; path = "SDDP-iFit-Team3/SchedulerViewController.swift"; sourceTree = SOURCE_ROOT; };
		7DEE53CB24AC5A5400CE6293 /* UserAuthentication.swift */ = {isa = PBXFileReference; lastKnownFileType = sourcecode.swift; path = UserAuthentication.swift; sourceTree = "<group>"; };
		7DEE53CD24AC632800CE6293 /* LoginViewController.swift */ = {isa = PBXFileReference; lastKnownFileType = sourcecode.swift; path = LoginViewController.swift; sourceTree = "<group>"; };
		7DEE53CF24AC63E800CE6293 /* RegisterViewController.swift */ = {isa = PBXFileReference; lastKnownFileType = sourcecode.swift; path = RegisterViewController.swift; sourceTree = "<group>"; };
		DC2C64A424B9C17F006B81D3 /* theboldfont.ttf */ = {isa = PBXFileReference; lastKnownFileType = file; path = theboldfont.ttf; sourceTree = "<group>"; };
		DC325A3A24A45E4C005E5166 /* TrainingPlanAddExerciseViewController.swift */ = {isa = PBXFileReference; lastKnownFileType = sourcecode.swift; path = TrainingPlanAddExerciseViewController.swift; sourceTree = "<group>"; };
		DC78681F24AE3DA20093BAE5 /* bulletSound_3.wav */ = {isa = PBXFileReference; lastKnownFileType = audio.wav; path = bulletSound_3.wav; sourceTree = "<group>"; };
		DC7A37A724BDA60700CB9A13 /* GameHomeViewController.swift */ = {isa = PBXFileReference; lastKnownFileType = sourcecode.swift; path = GameHomeViewController.swift; sourceTree = "<group>"; };
		DC7A37A924BDA6A400CB9A13 /* GameHome.sks */ = {isa = PBXFileReference; lastKnownFileType = file.sks; path = GameHome.sks; sourceTree = "<group>"; };
		DC7A37AB24BDA79300CB9A13 /* GameHome.swift */ = {isa = PBXFileReference; lastKnownFileType = sourcecode.swift; path = GameHome.swift; sourceTree = "<group>"; };
		DC9EE49824A307660080D3A2 /* TrainingPlanViewController.swift */ = {isa = PBXFileReference; lastKnownFileType = sourcecode.swift; path = TrainingPlanViewController.swift; sourceTree = "<group>"; };
		DC9EE49A24A30C870080D3A2 /* TrainingPlanCell.swift */ = {isa = PBXFileReference; lastKnownFileType = sourcecode.swift; path = TrainingPlanCell.swift; sourceTree = "<group>"; };
		DCB218EC24A07582003BFE6C /* Exercise.swift */ = {isa = PBXFileReference; lastKnownFileType = sourcecode.swift; path = Exercise.swift; sourceTree = "<group>"; };
		DCC5778824B9A6D20003F215 /* bomb_07.wav */ = {isa = PBXFileReference; lastKnownFileType = audio.wav; path = bomb_07.wav; sourceTree = "<group>"; };
		DCC80B7124ADEBB0008AF933 /* GameViewController.swift */ = {isa = PBXFileReference; lastKnownFileType = sourcecode.swift; path = GameViewController.swift; sourceTree = "<group>"; };
		DCC80B7324ADEDA5008AF933 /* GameScene.swift */ = {isa = PBXFileReference; lastKnownFileType = sourcecode.swift; path = GameScene.swift; sourceTree = "<group>"; };
		DCC80B7524ADEE24008AF933 /* GameScene.sks */ = {isa = PBXFileReference; lastKnownFileType = file.sks; path = GameScene.sks; sourceTree = "<group>"; };
		DCCA915724BEC45100C3A816 /* GameResearch.swift */ = {isa = PBXFileReference; lastKnownFileType = sourcecode.swift; path = GameResearch.swift; sourceTree = "<group>"; };
		DCCA915924BEC4C300C3A816 /* GameResearchViewController.swift */ = {isa = PBXFileReference; lastKnownFileType = sourcecode.swift; path = GameResearchViewController.swift; sourceTree = "<group>"; };
		DCD142C524B7224B00AE431A /* ExerciseDetailViewController.swift */ = {isa = PBXFileReference; lastKnownFileType = sourcecode.swift; path = ExerciseDetailViewController.swift; sourceTree = "<group>"; };
		DCD3C81424A329DA0066F6E7 /* TrainingPlanDetailViewController.swift */ = {isa = PBXFileReference; lastKnownFileType = sourcecode.swift; path = TrainingPlanDetailViewController.swift; sourceTree = "<group>"; };
		DCE0E33E24B45A4800B23C46 /* ExerciseViewController.swift */ = {isa = PBXFileReference; lastKnownFileType = sourcecode.swift; path = ExerciseViewController.swift; sourceTree = "<group>"; };
		DCE0E34224B45CE000B23C46 /* ExerciseCollectionViewCell.swift */ = {isa = PBXFileReference; lastKnownFileType = sourcecode.swift; path = ExerciseCollectionViewCell.swift; sourceTree = "<group>"; };
		DCF9358224A33CC000FD505B /* TrainingPlanAddViewController.swift */ = {isa = PBXFileReference; lastKnownFileType = sourcecode.swift; path = TrainingPlanAddViewController.swift; sourceTree = "<group>"; };
		DCFDCE6A24A1C0AF008E8C8A /* TrainingPlan.swift */ = {isa = PBXFileReference; lastKnownFileType = sourcecode.swift; path = TrainingPlan.swift; sourceTree = "<group>"; };
		E300F7F924B6192E00315219 /* GoalDetailsViewController.swift */ = {isa = PBXFileReference; lastKnownFileType = sourcecode.swift; path = GoalDetailsViewController.swift; sourceTree = "<group>"; };
		E30440E724A609110013D053 /* CardDesign.swift */ = {isa = PBXFileReference; lastKnownFileType = sourcecode.swift; path = CardDesign.swift; sourceTree = "<group>"; };
		E320D17424AC6F95003DDA96 /* Goal.swift */ = {isa = PBXFileReference; lastKnownFileType = sourcecode.swift; path = Goal.swift; sourceTree = "<group>"; };
		E320D17624AC6FBA003DDA96 /* Challenge.swift */ = {isa = PBXFileReference; lastKnownFileType = sourcecode.swift; path = Challenge.swift; sourceTree = "<group>"; };
		E320D17824AC6FD0003DDA96 /* Leaderboard.swift */ = {isa = PBXFileReference; lastKnownFileType = sourcecode.swift; path = Leaderboard.swift; sourceTree = "<group>"; };
		E320D17A24AC7128003DDA96 /* Activity.swift */ = {isa = PBXFileReference; lastKnownFileType = sourcecode.swift; path = Activity.swift; sourceTree = "<group>"; };
		E39EE04524A356AB00DDD571 /* DashboardViewController.swift */ = {isa = PBXFileReference; lastKnownFileType = sourcecode.swift; path = DashboardViewController.swift; sourceTree = "<group>"; };
		E3CA068B24ADCA6000339A39 /* AddGoalViewController.swift */ = {isa = PBXFileReference; lastKnownFileType = sourcecode.swift; path = AddGoalViewController.swift; sourceTree = "<group>"; };
/* End PBXFileReference section */

/* Begin PBXFrameworksBuildPhase section */
		09B1B92C249322AC00D14CE6 /* Frameworks */ = {
			isa = PBXFrameworksBuildPhase;
			buildActionMask = 2147483647;
			files = (
				8EE3263F0C8948FEDE5D78CE /* Pods_SDDP_iFit_Team3.framework in Frameworks */,
			);
			runOnlyForDeploymentPostprocessing = 0;
		};
/* End PBXFrameworksBuildPhase section */

/* Begin PBXGroup section */
		09B1B926249322AC00D14CE6 = {
			isa = PBXGroup;
			children = (
				09B1B931249322AD00D14CE6 /* SDDP-iFit-Team3 */,
				09B1B930249322AD00D14CE6 /* Products */,
				AFA3402D31D4EAF8922BF229 /* Pods */,
				34888049E14B839B862E23E3 /* Frameworks */,
			);
			sourceTree = "<group>";
		};
		09B1B930249322AD00D14CE6 /* Products */ = {
			isa = PBXGroup;
			children = (
				09B1B92F249322AD00D14CE6 /* SDDP-iFit-Team3.app */,
			);
			name = Products;
			sourceTree = "<group>";
		};
		09B1B931249322AD00D14CE6 /* SDDP-iFit-Team3 */ = {
			isa = PBXGroup;
			children = (
				7D6A42F724A7137A00D82B90 /* Helper */,
				DC21E87424A0A2E20022B252 /* Controller */,
				DC21E87324A0A2D50022B252 /* Model */,
				7D6080E3249CFD64001F3E6E /* Dashboard.storyboard */,
				7D6080E6249CFE2F001F3E6E /* Scheduler.storyboard */,
				7D6080E9249CFF7C001F3E6E /* Fitness.storyboard */,
				7D6080EC249D01B8001F3E6E /* Community.storyboard */,
				7D7ED67E24A0E2F9001D52DA /* Game.storyboard */,
				7DE944F024B83304000A03DC /* Profile.storyboard */,
				09B1B932249322AD00D14CE6 /* AppDelegate.swift */,
				09B1B934249322AD00D14CE6 /* SceneDelegate.swift */,
				09B1B936249322AD00D14CE6 /* ViewController.swift */,
				34AD8B6224B2CD1A00CDA507 /* CommentPostViewController.swift */,
				09B1B938249322AD00D14CE6 /* Main.storyboard */,
				DCC80B7524ADEE24008AF933 /* GameScene.sks */,
				DC7A37A924BDA6A400CB9A13 /* GameHome.sks */,
				09B1B93B249322B200D14CE6 /* Assets.xcassets */,
				09B1B93D249322B200D14CE6 /* LaunchScreen.storyboard */,
				09B1B940249322B200D14CE6 /* Info.plist */,
				345BF47E24BC00E900BE04EA /* Fritz-Info.plist */,
				7D1C4BD924A4DC3600CD1F6F /* GoogleService-Info.plist */,
				DC78681F24AE3DA20093BAE5 /* bulletSound_3.wav */,
				DCC5778824B9A6D20003F215 /* bomb_07.wav */,
				DC2C64A424B9C17F006B81D3 /* theboldfont.ttf */,
			);
			path = "SDDP-iFit-Team3";
			sourceTree = "<group>";
		};
		34888049E14B839B862E23E3 /* Frameworks */ = {
			isa = PBXGroup;
			children = (
				2458567889737227F6885574 /* Pods_SDDP_iFit_Team3.framework */,
			);
			name = Frameworks;
			sourceTree = "<group>";
		};
		7D6A42F724A7137A00D82B90 /* Helper */ = {
			isa = PBXGroup;
			children = (
				7D6A42F824A7139200D82B90 /* Team3Helper.swift */,
				7DEE53CB24AC5A5400CE6293 /* UserAuthentication.swift */,
				7D8929C124AD6D3200FCB173 /* DataManager.swift */,
				7DC360E224BAD86D00280315 /* StorageManager.swift */,
			);
			path = Helper;
			sourceTree = "<group>";
		};
		AFA3402D31D4EAF8922BF229 /* Pods */ = {
			isa = PBXGroup;
			children = (
				030951997A27C1B2985A7637 /* Pods-SDDP-iFit-Team3.debug.xcconfig */,
				45F1C9638BF2507F02570E7D /* Pods-SDDP-iFit-Team3.release.xcconfig */,
			);
			path = Pods;
			sourceTree = "<group>";
		};
		DC21E87324A0A2D50022B252 /* Model */ = {
			isa = PBXGroup;
			children = (
				DCB218EC24A07582003BFE6C /* Exercise.swift */,
				DCFDCE6A24A1C0AF008E8C8A /* TrainingPlan.swift */,
				1BB0D0E324A359FF003A35A9 /* Post.swift */,
				7D1C4BDB24A4DFCA00CD1F6F /* Schedule.swift */,
				E320D17424AC6F95003DDA96 /* Goal.swift */,
				E320D17624AC6FBA003DDA96 /* Challenge.swift */,
				E320D17824AC6FD0003DDA96 /* Leaderboard.swift */,
				E320D17A24AC7128003DDA96 /* Activity.swift */,
				DCC80B7324ADEDA5008AF933 /* GameScene.swift */,
				DC7A37AB24BDA79300CB9A13 /* GameHome.swift */,
				DCCA915724BEC45100C3A816 /* GameResearch.swift */,
				7D236F0324BD688C00C3CD2B /* User.swift */,
			);
			path = Model;
			sourceTree = "<group>";
		};
		DC21E87424A0A2E20022B252 /* Controller */ = {
			isa = PBXGroup;
			children = (
				7DEE53CD24AC632800CE6293 /* LoginViewController.swift */,
				7DEE53CF24AC63E800CE6293 /* RegisterViewController.swift */,
				7DC360E624BAE3E200280315 /* ProfileViewController.swift */,
				7DC9AE7224BB4B9A00FCBD5A /* EditProfileViewController.swift */,
				7DEAECE424A0F04700C9CCBC /* SchedulerViewController.swift */,
				7D1C4BFD24A4FD9000CD1F6F /* SchedulerDetailsViewController.swift */,
				DC9EE49824A307660080D3A2 /* TrainingPlanViewController.swift */,
				DC9EE49A24A30C870080D3A2 /* TrainingPlanCell.swift */,
				DCD3C81424A329DA0066F6E7 /* TrainingPlanDetailViewController.swift */,
				DCF9358224A33CC000FD505B /* TrainingPlanAddViewController.swift */,
				DC325A3A24A45E4C005E5166 /* TrainingPlanAddExerciseViewController.swift */,
				345BF47C24BBFD0A00BE04EA /* TrainingPlanStartViewController.swift */,
				DCE0E33E24B45A4800B23C46 /* ExerciseViewController.swift */,
				DCE0E34224B45CE000B23C46 /* ExerciseCollectionViewCell.swift */,
				DCD142C524B7224B00AE431A /* ExerciseDetailViewController.swift */,
				1BB0D0ED24A37182003A35A9 /* PostViewController.swift */,
				1B3E8DA924A387B7001D9C8D /* PostCell.swift */,
				E39EE04524A356AB00DDD571 /* DashboardViewController.swift */,
				1B17FCFC24A4E97000D15B00 /* AddPostViewController.swift */,
				1BB64B7224A7425700F7D8CE /* EditPostViewController.swift */,
				E30440E724A609110013D053 /* CardDesign.swift */,
				343BEC9124A97E570041352F /* GoalCell.swift */,
				343BEC9324A97F010041352F /* GoalViewController.swift */,
				343BEC9524A97F320041352F /* ChallengeViewController.swift */,
				343BEC9724A97F4C0041352F /* LeaderboardViewController.swift */,
				343BEC9924A97F8A0041352F /* ActivityViewController.swift */,
				343BEC9B24A97FB70041352F /* AchievementViewController.swift */,
				E3CA068B24ADCA6000339A39 /* AddGoalViewController.swift */,
				DCC80B7124ADEBB0008AF933 /* GameViewController.swift */,
				DC7A37A724BDA60700CB9A13 /* GameHomeViewController.swift */,
				DCCA915924BEC4C300C3A816 /* GameResearchViewController.swift */,
				E300F7F924B6192E00315219 /* GoalDetailsViewController.swift */,
			);
			path = Controller;
			sourceTree = "<group>";
		};
/* End PBXGroup section */

/* Begin PBXNativeTarget section */
		09B1B92E249322AC00D14CE6 /* SDDP-iFit-Team3 */ = {
			isa = PBXNativeTarget;
			buildConfigurationList = 09B1B943249322B200D14CE6 /* Build configuration list for PBXNativeTarget "SDDP-iFit-Team3" */;
			buildPhases = (
				9D38EFD2EFA2ABE7FAB8037A /* [CP] Check Pods Manifest.lock */,
				09B1B92B249322AC00D14CE6 /* Sources */,
				09B1B92C249322AC00D14CE6 /* Frameworks */,
				09B1B92D249322AC00D14CE6 /* Resources */,
				E159D8DAA63A34553A85490B /* [CP] Embed Pods Frameworks */,
				9C1DE89BCD30B5F9A15648E0 /* [CP] Copy Pods Resources */,
			);
			buildRules = (
			);
			dependencies = (
			);
			name = "SDDP-iFit-Team3";
			productName = "SDDP-iFit-Team3";
			productReference = 09B1B92F249322AD00D14CE6 /* SDDP-iFit-Team3.app */;
			productType = "com.apple.product-type.application";
		};
/* End PBXNativeTarget section */

/* Begin PBXProject section */
		09B1B927249322AC00D14CE6 /* Project object */ = {
			isa = PBXProject;
			attributes = {
				LastSwiftUpdateCheck = 1140;
				LastUpgradeCheck = 1140;
				ORGANIZATIONNAME = SDDP_Team3;
				TargetAttributes = {
					09B1B92E249322AC00D14CE6 = {
						CreatedOnToolsVersion = 11.4.1;
					};
				};
			};
			buildConfigurationList = 09B1B92A249322AC00D14CE6 /* Build configuration list for PBXProject "SDDP-iFit-Team3" */;
			compatibilityVersion = "Xcode 9.3";
			developmentRegion = en;
			hasScannedForEncodings = 0;
			knownRegions = (
				en,
				Base,
			);
			mainGroup = 09B1B926249322AC00D14CE6;
			productRefGroup = 09B1B930249322AD00D14CE6 /* Products */;
			projectDirPath = "";
			projectRoot = "";
			targets = (
				09B1B92E249322AC00D14CE6 /* SDDP-iFit-Team3 */,
			);
		};
/* End PBXProject section */

/* Begin PBXResourcesBuildPhase section */
		09B1B92D249322AC00D14CE6 /* Resources */ = {
			isa = PBXResourcesBuildPhase;
			buildActionMask = 2147483647;
			files = (
				7D7ED68024A0E2F9001D52DA /* Game.storyboard in Resources */,
				345BF47F24BC00E900BE04EA /* Fritz-Info.plist in Resources */,
				7D6080E8249CFE2F001F3E6E /* Scheduler.storyboard in Resources */,
				7D1C4BDA24A4DC3600CD1F6F /* GoogleService-Info.plist in Resources */,
				09B1B93F249322B200D14CE6 /* LaunchScreen.storyboard in Resources */,
				DCC5778924B9A6D20003F215 /* bomb_07.wav in Resources */,
				09B1B93C249322B200D14CE6 /* Assets.xcassets in Resources */,
				DC2C64A524B9C17F006B81D3 /* theboldfont.ttf in Resources */,
				09B1B93A249322AD00D14CE6 /* Main.storyboard in Resources */,
				7DE944F124B83304000A03DC /* Profile.storyboard in Resources */,
				DCC80B7624ADEE24008AF933 /* GameScene.sks in Resources */,
				7D6080E5249CFD64001F3E6E /* Dashboard.storyboard in Resources */,
				7D6080EE249D01B8001F3E6E /* Community.storyboard in Resources */,
				7D6080EB249CFF7C001F3E6E /* Fitness.storyboard in Resources */,
				DC7A37AA24BDA6A400CB9A13 /* GameHome.sks in Resources */,
				DC78682024AE3DA20093BAE5 /* bulletSound_3.wav in Resources */,
			);
			runOnlyForDeploymentPostprocessing = 0;
		};
/* End PBXResourcesBuildPhase section */

/* Begin PBXShellScriptBuildPhase section */
		9C1DE89BCD30B5F9A15648E0 /* [CP] Copy Pods Resources */ = {
			isa = PBXShellScriptBuildPhase;
			buildActionMask = 2147483647;
			files = (
			);
			inputFileListPaths = (
				"${PODS_ROOT}/Target Support Files/Pods-SDDP-iFit-Team3/Pods-SDDP-iFit-Team3-resources-${CONFIGURATION}-input-files.xcfilelist",
			);
			name = "[CP] Copy Pods Resources";
			outputFileListPaths = (
				"${PODS_ROOT}/Target Support Files/Pods-SDDP-iFit-Team3/Pods-SDDP-iFit-Team3-resources-${CONFIGURATION}-output-files.xcfilelist",
			);
			runOnlyForDeploymentPostprocessing = 0;
			shellPath = /bin/sh;
			shellScript = "\"${PODS_ROOT}/Target Support Files/Pods-SDDP-iFit-Team3/Pods-SDDP-iFit-Team3-resources.sh\"\n";
			showEnvVarsInLog = 0;
		};
		9D38EFD2EFA2ABE7FAB8037A /* [CP] Check Pods Manifest.lock */ = {
			isa = PBXShellScriptBuildPhase;
			buildActionMask = 2147483647;
			files = (
			);
			inputFileListPaths = (
			);
			inputPaths = (
				"${PODS_PODFILE_DIR_PATH}/Podfile.lock",
				"${PODS_ROOT}/Manifest.lock",
			);
			name = "[CP] Check Pods Manifest.lock";
			outputFileListPaths = (
			);
			outputPaths = (
				"$(DERIVED_FILE_DIR)/Pods-SDDP-iFit-Team3-checkManifestLockResult.txt",
			);
			runOnlyForDeploymentPostprocessing = 0;
			shellPath = /bin/sh;
			shellScript = "diff \"${PODS_PODFILE_DIR_PATH}/Podfile.lock\" \"${PODS_ROOT}/Manifest.lock\" > /dev/null\nif [ $? != 0 ] ; then\n    # print error to STDERR\n    echo \"error: The sandbox is not in sync with the Podfile.lock. Run 'pod install' or update your CocoaPods installation.\" >&2\n    exit 1\nfi\n# This output is used by Xcode 'outputs' to avoid re-running this script phase.\necho \"SUCCESS\" > \"${SCRIPT_OUTPUT_FILE_0}\"\n";
			showEnvVarsInLog = 0;
		};
		E159D8DAA63A34553A85490B /* [CP] Embed Pods Frameworks */ = {
			isa = PBXShellScriptBuildPhase;
			buildActionMask = 2147483647;
			files = (
			);
			inputFileListPaths = (
				"${PODS_ROOT}/Target Support Files/Pods-SDDP-iFit-Team3/Pods-SDDP-iFit-Team3-frameworks-${CONFIGURATION}-input-files.xcfilelist",
			);
			name = "[CP] Embed Pods Frameworks";
			outputFileListPaths = (
				"${PODS_ROOT}/Target Support Files/Pods-SDDP-iFit-Team3/Pods-SDDP-iFit-Team3-frameworks-${CONFIGURATION}-output-files.xcfilelist",
			);
			runOnlyForDeploymentPostprocessing = 0;
			shellPath = /bin/sh;
			shellScript = "\"${PODS_ROOT}/Target Support Files/Pods-SDDP-iFit-Team3/Pods-SDDP-iFit-Team3-frameworks.sh\"\n";
			showEnvVarsInLog = 0;
		};
/* End PBXShellScriptBuildPhase section */

/* Begin PBXSourcesBuildPhase section */
		09B1B92B249322AC00D14CE6 /* Sources */ = {
			isa = PBXSourcesBuildPhase;
			buildActionMask = 2147483647;
			files = (
				E320D17B24AC7128003DDA96 /* Activity.swift in Sources */,
				343BEC9424A97F010041352F /* GoalViewController.swift in Sources */,
				DCE0E34324B45CE000B23C46 /* ExerciseCollectionViewCell.swift in Sources */,
				DCD142C624B7224B00AE431A /* ExerciseDetailViewController.swift in Sources */,
				1BB0D0EE24A37182003A35A9 /* PostViewController.swift in Sources */,
				DC9EE49B24A30C870080D3A2 /* TrainingPlanCell.swift in Sources */,
				1B17FCFD24A4E97000D15B00 /* AddPostViewController.swift in Sources */,
				7D1C4BDC24A4DFCA00CD1F6F /* Schedule.swift in Sources */,
				345BF47D24BBFD0A00BE04EA /* TrainingPlanStartViewController.swift in Sources */,
				E320D17524AC6F95003DDA96 /* Goal.swift in Sources */,
				DCE0E33F24B45A4800B23C46 /* ExerciseViewController.swift in Sources */,
				7DC9AE7324BB4B9A00FCBD5A /* EditProfileViewController.swift in Sources */,
				7DEE53CE24AC632800CE6293 /* LoginViewController.swift in Sources */,
				1B3E8DAA24A387B7001D9C8D /* PostCell.swift in Sources */,
				E3CA068C24ADCA6000339A39 /* AddGoalViewController.swift in Sources */,
				343BEC9224A97E570041352F /* GoalCell.swift in Sources */,
				343BEC9824A97F4C0041352F /* LeaderboardViewController.swift in Sources */,
				1BB0D0E424A359FF003A35A9 /* Post.swift in Sources */,
				DC9EE49924A307660080D3A2 /* TrainingPlanViewController.swift in Sources */,
				7DEE53CC24AC5A5400CE6293 /* UserAuthentication.swift in Sources */,
				DC7A37AC24BDA79300CB9A13 /* GameHome.swift in Sources */,
				7D236F0424BD688C00C3CD2B /* User.swift in Sources */,
				E320D17924AC6FD0003DDA96 /* Leaderboard.swift in Sources */,
				E300F7FA24B6192E00315219 /* GoalDetailsViewController.swift in Sources */,
				E320D17724AC6FBA003DDA96 /* Challenge.swift in Sources */,
				09B1B937249322AD00D14CE6 /* ViewController.swift in Sources */,
				343BEC9624A97F320041352F /* ChallengeViewController.swift in Sources */,
				7DEAECE524A0F04700C9CCBC /* SchedulerViewController.swift in Sources */,
				DCC80B7424ADEDA5008AF933 /* GameScene.swift in Sources */,
				DCB218ED24A07582003BFE6C /* Exercise.swift in Sources */,
				34AD8B6324B2CD1A00CDA507 /* CommentPostViewController.swift in Sources */,
				DCFDCE6B24A1C0AF008E8C8A /* TrainingPlan.swift in Sources */,
				DCCA915824BEC45100C3A816 /* GameResearch.swift in Sources */,
				09B1B933249322AD00D14CE6 /* AppDelegate.swift in Sources */,
				E39EE04624A356AB00DDD571 /* DashboardViewController.swift in Sources */,
				DCF9358324A33CC000FD505B /* TrainingPlanAddViewController.swift in Sources */,
				DC325A3B24A45E4C005E5166 /* TrainingPlanAddExerciseViewController.swift in Sources */,
				7DEE53D024AC63E800CE6293 /* RegisterViewController.swift in Sources */,
				09B1B935249322AD00D14CE6 /* SceneDelegate.swift in Sources */,
				7D6A42F924A7139200D82B90 /* Team3Helper.swift in Sources */,
				7DC360E324BAD86D00280315 /* StorageManager.swift in Sources */,
				343BEC9A24A97F8A0041352F /* ActivityViewController.swift in Sources */,
				1BB64B7324A7425700F7D8CE /* EditPostViewController.swift in Sources */,
				7D1C4BFE24A4FD9000CD1F6F /* SchedulerDetailsViewController.swift in Sources */,
				7D8929C224AD6D3200FCB173 /* DataManager.swift in Sources */,
				DCC80B7224ADEBB0008AF933 /* GameViewController.swift in Sources */,
				DCCA915A24BEC4C300C3A816 /* GameResearchViewController.swift in Sources */,
				DC7A37A824BDA60700CB9A13 /* GameHomeViewController.swift in Sources */,
				DCD3C81524A329DA0066F6E7 /* TrainingPlanDetailViewController.swift in Sources */,
				7DC360E724BAE3E200280315 /* ProfileViewController.swift in Sources */,
				E30440E824A609110013D053 /* CardDesign.swift in Sources */,
				343BEC9C24A97FB70041352F /* AchievementViewController.swift in Sources */,
			);
			runOnlyForDeploymentPostprocessing = 0;
		};
/* End PBXSourcesBuildPhase section */

/* Begin PBXVariantGroup section */
		09B1B938249322AD00D14CE6 /* Main.storyboard */ = {
			isa = PBXVariantGroup;
			children = (
				09B1B939249322AD00D14CE6 /* Base */,
			);
			name = Main.storyboard;
			sourceTree = "<group>";
		};
		09B1B93D249322B200D14CE6 /* LaunchScreen.storyboard */ = {
			isa = PBXVariantGroup;
			children = (
				09B1B93E249322B200D14CE6 /* Base */,
			);
			name = LaunchScreen.storyboard;
			sourceTree = "<group>";
		};
		7D6080E3249CFD64001F3E6E /* Dashboard.storyboard */ = {
			isa = PBXVariantGroup;
			children = (
				7D6080E4249CFD64001F3E6E /* Base */,
			);
			name = Dashboard.storyboard;
			sourceTree = "<group>";
		};
		7D6080E6249CFE2F001F3E6E /* Scheduler.storyboard */ = {
			isa = PBXVariantGroup;
			children = (
				7D6080E7249CFE2F001F3E6E /* Base */,
			);
			name = Scheduler.storyboard;
			sourceTree = "<group>";
		};
		7D6080E9249CFF7C001F3E6E /* Fitness.storyboard */ = {
			isa = PBXVariantGroup;
			children = (
				7D6080EA249CFF7C001F3E6E /* Base */,
			);
			name = Fitness.storyboard;
			sourceTree = "<group>";
		};
		7D6080EC249D01B8001F3E6E /* Community.storyboard */ = {
			isa = PBXVariantGroup;
			children = (
				7D6080ED249D01B8001F3E6E /* Base */,
			);
			name = Community.storyboard;
			sourceTree = "<group>";
		};
		7D7ED67E24A0E2F9001D52DA /* Game.storyboard */ = {
			isa = PBXVariantGroup;
			children = (
				7D7ED67F24A0E2F9001D52DA /* Base */,
			);
			name = Game.storyboard;
			sourceTree = "<group>";
		};
/* End PBXVariantGroup section */

/* Begin XCBuildConfiguration section */
		09B1B941249322B200D14CE6 /* Debug */ = {
			isa = XCBuildConfiguration;
			buildSettings = {
				ALWAYS_SEARCH_USER_PATHS = NO;
				CLANG_ANALYZER_NONNULL = YES;
				CLANG_ANALYZER_NUMBER_OBJECT_CONVERSION = YES_AGGRESSIVE;
				CLANG_CXX_LANGUAGE_STANDARD = "gnu++14";
				CLANG_CXX_LIBRARY = "libc++";
				CLANG_ENABLE_MODULES = YES;
				CLANG_ENABLE_OBJC_ARC = YES;
				CLANG_ENABLE_OBJC_WEAK = YES;
				CLANG_WARN_BLOCK_CAPTURE_AUTORELEASING = YES;
				CLANG_WARN_BOOL_CONVERSION = YES;
				CLANG_WARN_COMMA = YES;
				CLANG_WARN_CONSTANT_CONVERSION = YES;
				CLANG_WARN_DEPRECATED_OBJC_IMPLEMENTATIONS = YES;
				CLANG_WARN_DIRECT_OBJC_ISA_USAGE = YES_ERROR;
				CLANG_WARN_DOCUMENTATION_COMMENTS = YES;
				CLANG_WARN_EMPTY_BODY = YES;
				CLANG_WARN_ENUM_CONVERSION = YES;
				CLANG_WARN_INFINITE_RECURSION = YES;
				CLANG_WARN_INT_CONVERSION = YES;
				CLANG_WARN_NON_LITERAL_NULL_CONVERSION = YES;
				CLANG_WARN_OBJC_IMPLICIT_RETAIN_SELF = YES;
				CLANG_WARN_OBJC_LITERAL_CONVERSION = YES;
				CLANG_WARN_OBJC_ROOT_CLASS = YES_ERROR;
				CLANG_WARN_RANGE_LOOP_ANALYSIS = YES;
				CLANG_WARN_STRICT_PROTOTYPES = YES;
				CLANG_WARN_SUSPICIOUS_MOVE = YES;
				CLANG_WARN_UNGUARDED_AVAILABILITY = YES_AGGRESSIVE;
				CLANG_WARN_UNREACHABLE_CODE = YES;
				CLANG_WARN__DUPLICATE_METHOD_MATCH = YES;
				COPY_PHASE_STRIP = NO;
				DEBUG_INFORMATION_FORMAT = dwarf;
				ENABLE_STRICT_OBJC_MSGSEND = YES;
				ENABLE_TESTABILITY = YES;
				GCC_C_LANGUAGE_STANDARD = gnu11;
				GCC_DYNAMIC_NO_PIC = NO;
				GCC_NO_COMMON_BLOCKS = YES;
				GCC_OPTIMIZATION_LEVEL = 0;
				GCC_PREPROCESSOR_DEFINITIONS = (
					"DEBUG=1",
					"$(inherited)",
				);
				GCC_WARN_64_TO_32_BIT_CONVERSION = YES;
				GCC_WARN_ABOUT_RETURN_TYPE = YES_ERROR;
				GCC_WARN_UNDECLARED_SELECTOR = YES;
				GCC_WARN_UNINITIALIZED_AUTOS = YES_AGGRESSIVE;
				GCC_WARN_UNUSED_FUNCTION = YES;
				GCC_WARN_UNUSED_VARIABLE = YES;
				IPHONEOS_DEPLOYMENT_TARGET = 13.2;
				MTL_ENABLE_DEBUG_INFO = INCLUDE_SOURCE;
				MTL_FAST_MATH = YES;
				ONLY_ACTIVE_ARCH = YES;
				OTHER_LDFLAGS = "-ObjC";
				SDKROOT = iphoneos;
				SWIFT_ACTIVE_COMPILATION_CONDITIONS = DEBUG;
				SWIFT_OPTIMIZATION_LEVEL = "-Onone";
			};
			name = Debug;
		};
		09B1B942249322B200D14CE6 /* Release */ = {
			isa = XCBuildConfiguration;
			buildSettings = {
				ALWAYS_SEARCH_USER_PATHS = NO;
				CLANG_ANALYZER_NONNULL = YES;
				CLANG_ANALYZER_NUMBER_OBJECT_CONVERSION = YES_AGGRESSIVE;
				CLANG_CXX_LANGUAGE_STANDARD = "gnu++14";
				CLANG_CXX_LIBRARY = "libc++";
				CLANG_ENABLE_MODULES = YES;
				CLANG_ENABLE_OBJC_ARC = YES;
				CLANG_ENABLE_OBJC_WEAK = YES;
				CLANG_WARN_BLOCK_CAPTURE_AUTORELEASING = YES;
				CLANG_WARN_BOOL_CONVERSION = YES;
				CLANG_WARN_COMMA = YES;
				CLANG_WARN_CONSTANT_CONVERSION = YES;
				CLANG_WARN_DEPRECATED_OBJC_IMPLEMENTATIONS = YES;
				CLANG_WARN_DIRECT_OBJC_ISA_USAGE = YES_ERROR;
				CLANG_WARN_DOCUMENTATION_COMMENTS = YES;
				CLANG_WARN_EMPTY_BODY = YES;
				CLANG_WARN_ENUM_CONVERSION = YES;
				CLANG_WARN_INFINITE_RECURSION = YES;
				CLANG_WARN_INT_CONVERSION = YES;
				CLANG_WARN_NON_LITERAL_NULL_CONVERSION = YES;
				CLANG_WARN_OBJC_IMPLICIT_RETAIN_SELF = YES;
				CLANG_WARN_OBJC_LITERAL_CONVERSION = YES;
				CLANG_WARN_OBJC_ROOT_CLASS = YES_ERROR;
				CLANG_WARN_RANGE_LOOP_ANALYSIS = YES;
				CLANG_WARN_STRICT_PROTOTYPES = YES;
				CLANG_WARN_SUSPICIOUS_MOVE = YES;
				CLANG_WARN_UNGUARDED_AVAILABILITY = YES_AGGRESSIVE;
				CLANG_WARN_UNREACHABLE_CODE = YES;
				CLANG_WARN__DUPLICATE_METHOD_MATCH = YES;
				COPY_PHASE_STRIP = NO;
				DEBUG_INFORMATION_FORMAT = "dwarf-with-dsym";
				ENABLE_NS_ASSERTIONS = NO;
				ENABLE_STRICT_OBJC_MSGSEND = YES;
				GCC_C_LANGUAGE_STANDARD = gnu11;
				GCC_NO_COMMON_BLOCKS = YES;
				GCC_WARN_64_TO_32_BIT_CONVERSION = YES;
				GCC_WARN_ABOUT_RETURN_TYPE = YES_ERROR;
				GCC_WARN_UNDECLARED_SELECTOR = YES;
				GCC_WARN_UNINITIALIZED_AUTOS = YES_AGGRESSIVE;
				GCC_WARN_UNUSED_FUNCTION = YES;
				GCC_WARN_UNUSED_VARIABLE = YES;
				IPHONEOS_DEPLOYMENT_TARGET = 13.2;
				MTL_ENABLE_DEBUG_INFO = NO;
				MTL_FAST_MATH = YES;
				OTHER_LDFLAGS = "-ObjC";
				SDKROOT = iphoneos;
				SWIFT_COMPILATION_MODE = wholemodule;
				SWIFT_OPTIMIZATION_LEVEL = "-O";
				VALIDATE_PRODUCT = YES;
			};
			name = Release;
		};
		09B1B944249322B200D14CE6 /* Debug */ = {
			isa = XCBuildConfiguration;
			baseConfigurationReference = 030951997A27C1B2985A7637 /* Pods-SDDP-iFit-Team3.debug.xcconfig */;
			buildSettings = {
				ASSETCATALOG_COMPILER_APPICON_NAME = AppIcon;
				CODE_SIGN_STYLE = Automatic;
				INFOPLIST_FILE = "SDDP-iFit-Team3/Info.plist";
				LD_RUNPATH_SEARCH_PATHS = (
					"$(inherited)",
					"@executable_path/Frameworks",
				);
				PRODUCT_BUNDLE_IDENTIFIER = "com.nyp.sddp.team3.SDDP-iFit-Team3";
				PRODUCT_NAME = "$(TARGET_NAME)";
				SWIFT_VERSION = 5.0;
				TARGETED_DEVICE_FAMILY = "1,2";
			};
			name = Debug;
		};
		09B1B945249322B200D14CE6 /* Release */ = {
			isa = XCBuildConfiguration;
			baseConfigurationReference = 45F1C9638BF2507F02570E7D /* Pods-SDDP-iFit-Team3.release.xcconfig */;
			buildSettings = {
				ASSETCATALOG_COMPILER_APPICON_NAME = AppIcon;
				CODE_SIGN_STYLE = Automatic;
				INFOPLIST_FILE = "SDDP-iFit-Team3/Info.plist";
				LD_RUNPATH_SEARCH_PATHS = (
					"$(inherited)",
					"@executable_path/Frameworks",
				);
				"OTHER_LDFLAGS[arch=*]" = "";
				PRODUCT_BUNDLE_IDENTIFIER = "com.nyp.sddp.team3.SDDP-iFit-Team3";
				PRODUCT_NAME = "$(TARGET_NAME)";
				SWIFT_VERSION = 5.0;
				TARGETED_DEVICE_FAMILY = "1,2";
			};
			name = Release;
		};
/* End XCBuildConfiguration section */

/* Begin XCConfigurationList section */
		09B1B92A249322AC00D14CE6 /* Build configuration list for PBXProject "SDDP-iFit-Team3" */ = {
			isa = XCConfigurationList;
			buildConfigurations = (
				09B1B941249322B200D14CE6 /* Debug */,
				09B1B942249322B200D14CE6 /* Release */,
			);
			defaultConfigurationIsVisible = 0;
			defaultConfigurationName = Release;
		};
		09B1B943249322B200D14CE6 /* Build configuration list for PBXNativeTarget "SDDP-iFit-Team3" */ = {
			isa = XCConfigurationList;
			buildConfigurations = (
				09B1B944249322B200D14CE6 /* Debug */,
				09B1B945249322B200D14CE6 /* Release */,
			);
			defaultConfigurationIsVisible = 0;
			defaultConfigurationName = Release;
		};
/* End XCConfigurationList section */
	};
	rootObject = 09B1B927249322AC00D14CE6 /* Project object */;
}
